
Microsoft Visual Studio Solution File, Format Version 12.00
# Visual Studio Version 16
VisualStudioVersion = 16.0.29102.190
MinimumVisualStudioVersion = 10.0.40219.1
Project("{FAE04EC0-301F-11D3-BF4B-00C04F79EFBC}") = "Qonlab.StateMachine", "Qonlab.StateMachine\Qonlab.StateMachine.csproj", "{7624B31A-E9AE-452E-BBA2-11F36A9FBC4B}"
EndProject
Project("{FAE04EC0-301F-11D3-BF4B-00C04F79EFBC}") = "Qonlab.StateMachine.Abstractions", "Qonlab.StateMachine.Abstractions\Qonlab.StateMachine.Abstractions.csproj", "{72B9560E-8744-416E-8D40-E53A16BF08CD}"
EndProject
Global
	GlobalSection(SolutionConfigurationPlatforms) = preSolution
		Debug|Any CPU = Debug|Any CPU
		Release|Any CPU = Release|Any CPU
	EndGlobalSection
	GlobalSection(ProjectConfigurationPlatforms) = postSolution
		{7624B31A-E9AE-452E-BBA2-11F36A9FBC4B}.Debug|Any CPU.ActiveCfg = Debug|Any CPU
		{7624B31A-E9AE-452E-BBA2-11F36A9FBC4B}.Debug|Any CPU.Build.0 = Debug|Any CPU
		{7624B31A-E9AE-452E-BBA2-11F36A9FBC4B}.Release|Any CPU.ActiveCfg = Release|Any CPU
		{7624B31A-E9AE-452E-BBA2-11F36A9FBC4B}.Release|Any CPU.Build.0 = Release|Any CPU
		{72B9560E-8744-416E-8D40-E53A16BF08CD}.Debug|Any CPU.ActiveCfg = Debug|Any CPU
		{72B9560E-8744-416E-8D40-E53A16BF08CD}.Debug|Any CPU.Build.0 = Debug|Any CPU
		{72B9560E-8744-416E-8D40-E53A16BF08CD}.Release|Any CPU.ActiveCfg = Release|Any CPU
		{72B9560E-8744-416E-8D40-E53A16BF08CD}.Release|Any CPU.Build.0 = Release|Any CPU
	EndGlobalSection
	GlobalSection(SolutionProperties) = preSolution
		HideSolutionNode = FALSE
	EndGlobalSection
	GlobalSection(ExtensibilityGlobals) = postSolution
		SolutionGuid = {2FF06EE5-508E-46F4-A95F-408926DB93B2}
	EndGlobalSection
EndGlobal
